// !$*UTF8*$!
{
	archiveVersion = 1;
	classes = {
	};
	objectVersion = 46;
	objects = {

/* Begin PBXBuildFile section */
		FB6867AD1D58999F009EC676 /* main.m in Sources */ = {isa = PBXBuildFile; fileRef = FB6867AC1D58999F009EC676 /* main.m */; };
		FB6867B01D58999F009EC676 /* AppDelegate.m in Sources */ = {isa = PBXBuildFile; fileRef = FB6867AF1D58999F009EC676 /* AppDelegate.m */; };
		FB6867B31D58999F009EC676 /* ViewController.m in Sources */ = {isa = PBXBuildFile; fileRef = FB6867B21D58999F009EC676 /* ViewController.m */; };
		FB6867B61D58999F009EC676 /* Main.storyboard in Resources */ = {isa = PBXBuildFile; fileRef = FB6867B41D58999F009EC676 /* Main.storyboard */; };
		FB6867B81D58999F009EC676 /* Assets.xcassets in Resources */ = {isa = PBXBuildFile; fileRef = FB6867B71D58999F009EC676 /* Assets.xcassets */; };
		FB6867BB1D58999F009EC676 /* LaunchScreen.storyboard in Resources */ = {isa = PBXBuildFile; fileRef = FB6867B91D58999F009EC676 /* LaunchScreen.storyboard */; };
		FB6867C51D589A13009EC676 /* Dylib.framework in Resources */ = {isa = PBXBuildFile; fileRef = FB6867C21D5899D5009EC676 /* Dylib.framework */; };
		FB7EE3EA1D59A6C000352344 /* Dylib.framework in Frameworks */ = {isa = PBXBuildFile; fileRef = FB6867C21D5899D5009EC676 /* Dylib.framework */; settings = {ATTRIBUTES = (Weak, ); }; };
/* End PBXBuildFile section */

/* Begin PBXFileReference section */
		FB6867A81D58999F009EC676 /* FrameworkDemo.app */ = {isa = PBXFileReference; explicitFileType = wrapper.application; includeInIndex = 0; path = FrameworkDemo.app; sourceTree = BUILT_PRODUCTS_DIR; };
		FB6867AC1D58999F009EC676 /* main.m */ = {isa = PBXFileReference; lastKnownFileType = sourcecode.c.objc; path = main.m; sourceTree = "<group>"; };
		FB6867AE1D58999F009EC676 /* AppDelegate.h */ = {isa = PBXFileReference; lastKnownFileType = sourcecode.c.h; path = AppDelegate.h; sourceTree = "<group>"; };
		FB6867AF1D58999F009EC676 /* AppDelegate.m */ = {isa = PBXFileReference; lastKnownFileType = sourcecode.c.objc; path = AppDelegate.m; sourceTree = "<group>"; };
		FB6867B11D58999F009EC676 /* ViewController.h */ = {isa = PBXFileReference; lastKnownFileType = sourcecode.c.h; path = ViewController.h; sourceTree = "<group>"; };
		FB6867B21D58999F009EC676 /* ViewController.m */ = {isa = PBXFileReference; lastKnownFileType = sourcecode.c.objc; path = ViewController.m; sourceTree = "<group>"; };
		FB6867B51D58999F009EC676 /* Base */ = {isa = PBXFileReference; lastKnownFileType = file.storyboard; name = Base; path = Base.lproj/Main.storyboard; sourceTree = "<group>"; };
		FB6867B71D58999F009EC676 /* Assets.xcassets */ = {isa = PBXFileReference; lastKnownFileType = folder.assetcatalog; path = Assets.xcassets; sourceTree = "<group>"; };
		FB6867BA1D58999F009EC676 /* Base */ = {isa = PBXFileReference; lastKnownFileType = file.storyboard; name = Base; path = Base.lproj/LaunchScreen.storyboard; sourceTree = "<group>"; };
		FB6867BC1D58999F009EC676 /* Info.plist */ = {isa = PBXFileReference; lastKnownFileType = text.plist.xml; path = Info.plist; sourceTree = "<group>"; };
		FB6867C21D5899D5009EC676 /* Dylib.framework */ = {isa = PBXFileReference; lastKnownFileType = wrapper.framework; name = Dylib.framework; path = "../../../../Library/Developer/Xcode/DerivedData/Dylib-abuegzcfhafywbdczckzlehsbbxt/Build/Products/Debug-iphoneos/Dylib.framework"; sourceTree = "<group>"; };
/* End PBXFileReference section */

/* Begin PBXFrameworksBuildPhase section */
		FB6867A51D58999F009EC676 /* Frameworks */ = {
			isa = PBXFrameworksBuildPhase;
			buildActionMask = 2147483647;
			files = (
				FB7EE3EA1D59A6C000352344 /* Dylib.framework in Frameworks */,
			);
			runOnlyForDeploymentPostprocessing = 0;
		};
/* End PBXFrameworksBuildPhase section */

/* Begin PBXGroup section */
		FB68679F1D58999F009EC676 = {
			isa = PBXGroup;
			children = (
				FB6867C21D5899D5009EC676 /* Dylib.framework */,
				FB6867AA1D58999F009EC676 /* FrameworkDemo */,
				FB6867A91D58999F009EC676 /* Products */,
			);
			sourceTree = "<group>";
		};
		FB6867A91D58999F009EC676 /* Products */ = {
			isa = PBXGroup;
			children = (
				FB6867A81D58999F009EC676 /* FrameworkDemo.app */,
			);
			name = Products;
			sourceTree = "<group>";
		};
		FB6867AA1D58999F009EC676 /* FrameworkDemo */ = {
			isa = PBXGroup;
			children = (
				FB6867AE1D58999F009EC676 /* AppDelegate.h */,
				FB6867AF1D58999F009EC676 /* AppDelegate.m */,
				FB6867B11D58999F009EC676 /* ViewController.h */,
				FB6867B21D58999F009EC676 /* ViewController.m */,
				FB6867B41D58999F009EC676 /* Main.storyboard */,
				FB6867B71D58999F009EC676 /* Assets.xcassets */,
				FB6867B91D58999F009EC676 /* LaunchScreen.storyboard */,
				FB6867BC1D58999F009EC676 /* Info.plist */,
				FB6867AB1D58999F009EC676 /* Supporting Files */,
			);
			path = FrameworkDemo;
			sourceTree = "<group>";
		};
		FB6867AB1D58999F009EC676 /* Supporting Files */ = {
			isa = PBXGroup;
			children = (
				FB6867AC1D58999F009EC676 /* main.m */,
			);
			name = "Supporting Files";
			sourceTree = "<group>";
		};
/* End PBXGroup section */

/* Begin PBXNativeTarget section */
		FB6867A71D58999F009EC676 /* FrameworkDemo */ = {
			isa = PBXNativeTarget;
			buildConfigurationList = FB6867BF1D58999F009EC676 /* Build configuration list for PBXNativeTarget "FrameworkDemo" */;
			buildPhases = (
				FB6867A41D58999F009EC676 /* Sources */,
				FB6867A51D58999F009EC676 /* Frameworks */,
				FB6867A61D58999F009EC676 /* Resources */,
			);
			buildRules = (
			);
			dependencies = (
			);
			name = FrameworkDemo;
			productName = FrameworkDemo;
			productReference = FB6867A81D58999F009EC676 /* FrameworkDemo.app */;
			productType = "com.apple.product-type.application";
		};
/* End PBXNativeTarget section */

/* Begin PBXProject section */
		FB6867A01D58999F009EC676 /* Project object */ = {
			isa = PBXProject;
			attributes = {
				LastUpgradeCheck = 0730;
				ORGANIZATIONNAME = Coody;
				TargetAttributes = {
					FB6867A71D58999F009EC676 = {
						CreatedOnToolsVersion = 7.3.1;
					};
				};
			};
			buildConfigurationList = FB6867A31D58999F009EC676 /* Build configuration list for PBXProject "FrameworkDemo" */;
			compatibilityVersion = "Xcode 3.2";
			developmentRegion = English;
			hasScannedForEncodings = 0;
			knownRegions = (
				en,
				Base,
			);
			mainGroup = FB68679F1D58999F009EC676;
			productRefGroup = FB6867A91D58999F009EC676 /* Products */;
			projectDirPath = "";
			projectRoot = "";
			targets = (
				FB6867A71D58999F009EC676 /* FrameworkDemo */,
			);
		};
/* End PBXProject section */

/* Begin PBXResourcesBuildPhase section */
		FB6867A61D58999F009EC676 /* Resources */ = {
			isa = PBXResourcesBuildPhase;
			buildActionMask = 2147483647;
			files = (
				FB6867C51D589A13009EC676 /* Dylib.framework in Resources */,
				FB6867BB1D58999F009EC676 /* LaunchScreen.storyboard in Resources */,
				FB6867B81D58999F009EC676 /* Assets.xcassets in Resources */,
				FB6867B61D58999F009EC676 /* Main.storyboard in Resources */,
			);
			runOnlyForDeploymentPostprocessing = 0;
		};
/* End PBXResourcesBuildPhase section */

/* Begin PBXSourcesBuildPhase section */
		FB6867A41D58999F009EC676 /* Sources */ = {
			isa = PBXSourcesBuildPhase;
			buildActionMask = 2147483647;
			files = (
				FB6867B31D58999F009EC676 /* ViewController.m in Sources */,
				FB6867B01D58999F009EC676 /* AppDelegate.m in Sources */,
				FB6867AD1D58999F009EC676 /* main.m in Sources */,
			);
			runOnlyForDeploymentPostprocessing = 0;
		};
/* End PBXSourcesBuildPhase section */

/* Begin PBXVariantGroup section */
		FB6867B41D58999F009EC676 /* Main.storyboard */ = {
			isa = PBXVariantGroup;
			children = (
				FB6867B51D58999F009EC676 /* Base */,
			);
			name = Main.storyboard;
			sourceTree = "<group>";
		};
		FB6867B91D58999F009EC676 /* LaunchScreen.storyboard */ = {
			isa = PBXVariantGroup;
			children = (
				FB6867BA1D58999F009EC676 /* Base */,
			);
			name = LaunchScreen.storyboard;
			sourceTree = "<group>";
		};
/* End PBXVariantGroup section */

/* Begin XCBuildConfiguration section */
		FB6867BD1D58999F009EC676 /* Debug */ = {
			isa = XCBuildConfiguration;
			buildSettings = {
				ALWAYS_SEARCH_USER_PATHS = NO;
				CLANG_ANALYZER_NONNULL = YES;
				CLANG_CXX_LANGUAGE_STANDARD = "gnu++0x";
				CLANG_CXX_LIBRARY = "libc++";
				CLANG_ENABLE_MODULES = YES;
				CLANG_ENABLE_OBJC_ARC = YES;
				CLANG_WARN_BOOL_CONVERSION = YES;
				CLANG_WARN_CONSTANT_CONVERSION = YES;
				CLANG_WARN_DIRECT_OBJC_ISA_USAGE = YES_ERROR;
				CLANG_WARN_EMPTY_BODY = YES;
				CLANG_WARN_ENUM_CONVERSION = YES;
				CLANG_WARN_INT_CONVERSION = YES;
				CLANG_WARN_OBJC_ROOT_CLASS = YES_ERROR;
				CLANG_WARN_UNREACHABLE_CODE = YES;
				CLANG_WARN__DUPLICATE_METHOD_MATCH = YES;
				"CODE_SIGN_IDENTITY[sdk=iphoneos*]" = "iPhone Developer";
				COPY_PHASE_STRIP = NO;
				DEBUG_INFORMATION_FORMAT = dwarf;
				ENABLE_STRICT_OBJC_MSGSEND = YES;
				ENABLE_TESTABILITY = YES;
				GCC_C_LANGUAGE_STANDARD = gnu99;
				GCC_DYNAMIC_NO_PIC = NO;
				GCC_NO_COMMON_BLOCKS = YES;
				GCC_OPTIMIZATION_LEVEL = 0;
				GCC_PREPROCESSOR_DEFINITIONS = (
					"DEBUG=1",
					"$(inherited)",
				);
				GCC_WARN_64_TO_32_BIT_CONVERSION = YES;
				GCC_WARN_ABOUT_RETURN_TYPE = YES_ERROR;
				GCC_WARN_UNDECLARED_SELECTOR = YES;
				GCC_WARN_UNINITIALIZED_AUTOS = YES_AGGRESSIVE;
				GCC_WARN_UNUSED_FUNCTION = YES;
				GCC_WARN_UNUSED_VARIABLE = YES;
				IPHONEOS_DEPLOYMENT_TARGET = 9.3;
				MTL_ENABLE_DEBUG_INFO = YES;
				ONLY_ACTIVE_ARCH = YES;
				SDKROOT = iphoneos;
			};
			name = Debug;
		};
		FB6867BE1D58999F009EC676 /* Release */ = {
			isa = XCBuildConfiguration;
			buildSettings = {
				ALWAYS_SEARCH_USER_PATHS = NO;
				CLANG_ANALYZER_NONNULL = YES;
				CLANG_CXX_LANGUAGE_STANDARD = "gnu++0x";
				CLANG_CXX_LIBRARY = "libc++";
				CLANG_ENABLE_MODULES = YES;
				CLANG_ENABLE_OBJC_ARC = YES;
				CLANG_WARN_BOOL_CONVERSION = YES;
				CLANG_WARN_CONSTANT_CONVERSION = YES;
				CLANG_WARN_DIRECT_OBJC_ISA_USAGE = YES_ERROR;
				CLANG_WARN_EMPTY_BODY = YES;
				CLANG_WARN_ENUM_CONVERSION = YES;
				CLANG_WARN_INT_CONVERSION = YES;
				CLANG_WARN_OBJC_ROOT_CLASS = YES_ERROR;
				CLANG_WARN_UNREACHABLE_CODE = YES;
				CLANG_WARN__DUPLICATE_METHOD_MATCH = YES;
				"CODE_SIGN_IDENTITY[sdk=iphoneos*]" = "iPhone Developer";
				COPY_PHASE_STRIP = NO;
				DEBUG_INFORMATION_FORMAT = "dwarf-with-dsym";
				ENABLE_NS_ASSERTIONS = NO;
				ENABLE_STRICT_OBJC_MSGSEND = YES;
				GCC_C_LANGUAGE_STANDARD = gnu99;
				GCC_NO_COMMON_BLOCKS = YES;
				GCC_WARN_64_TO_32_BIT_CONVERSION = YES;
				GCC_WARN_ABOUT_RETURN_TYPE = YES_ERROR;
				GCC_WARN_UNDECLARED_SELECTOR = YES;
				GCC_WARN_UNINITIALIZED_AUTOS = YES_AGGRESSIVE;
				GCC_WARN_UNUSED_FUNCTION = YES;
				GCC_WARN_UNUSED_VARIABLE = YES;
				IPHONEOS_DEPLOYMENT_TARGET = 9.3;
				MTL_ENABLE_DEBUG_INFO = NO;
				SDKROOT = iphoneos;
				VALIDATE_PRODUCT = YES;
			};
			name = Release;
		};
		FB6867C01D58999F009EC676 /* Debug */ = {
			isa = XCBuildConfiguration;
			buildSettings = {
				ASSETCATALOG_COMPILER_APPICON_NAME = AppIcon;
				EXECUTABLE_EXTENSION = dylib;
				INFOPLIST_FILE = FrameworkDemo/Info.plist;
				LD_RUNPATH_SEARCH_PATHS = "$(inherited) @executable_path/";
				MACH_O_TYPE = mh_dylib;
				PRODUCT_BUNDLE_IDENTIFIER = "-.FrameworkDemo";
				PRODUCT_NAME = "$(TARGET_NAME)";
			};
			name = Debug;
		};
		FB6867C11D58999F009EC676 /* Release */ = {
			isa = XCBuildConfiguration;
			buildSettings = {
				ASSETCATALOG_COMPILER_APPICON_NAME = AppIcon;
				EXECUTABLE_EXTENSION = dylib;
				INFOPLIST_FILE = FrameworkDemo/Info.plist;
				LD_RUNPATH_SEARCH_PATHS = "$(inherited) @executable_path/";
				MACH_O_TYPE = mh_dylib;
				PRODUCT_BUNDLE_IDENTIFIER = "-.FrameworkDemo";
				PRODUCT_NAME = "$(TARGET_NAME)";
			};
			name = Release;
		};
/* End XCBuildConfiguration section */

/* Begin XCConfigurationList section */
		FB6867A31D58999F009EC676 /* Build configuration list for PBXProject "FrameworkDemo" */ = {
			isa = XCConfigurationList;
			buildConfigurations = (
				FB6867BD1D58999F009EC676 /* Debug */,
				FB6867BE1D58999F009EC676 /* Release */,
			);
			defaultConfigurationIsVisible = 0;
			defaultConfigurationName = Release;
		};
		FB6867BF1D58999F009EC676 /* Build configuration list for PBXNativeTarget "FrameworkDemo" */ = {
			isa = XCConfigurationList;
			buildConfigurations = (
				FB6867C01D58999F009EC676 /* Debug */,
				FB6867C11D58999F009EC676 /* Release */,
			);
			defaultConfigurationIsVisible = 0;
			defaultConfigurationName = Release;
		};
/* End XCConfigurationList section */
	};
	rootObject = FB6867A01D58999F009EC676 /* Project object */;
}
